// !$*UTF8*$!
{
	archiveVersion = 1;
	classes = {
	};
	objectVersion = 55;
	objects = {

/* Begin PBXBuildFile section */
		0843B57028CFBC68002E8309 /* Follower.swift in Sources */ = {isa = PBXBuildFile; fileRef = 0843B56F28CFBC68002E8309 /* Follower.swift */; };
		0843B57228CFBD92002E8309 /* User.swift in Sources */ = {isa = PBXBuildFile; fileRef = 0843B57128CFBD92002E8309 /* User.swift */; };
		088F06B328BD431D00877584 /* AppDelegate.swift in Sources */ = {isa = PBXBuildFile; fileRef = 088F06B228BD431D00877584 /* AppDelegate.swift */; };
		088F06B528BD431D00877584 /* SceneDelegate.swift in Sources */ = {isa = PBXBuildFile; fileRef = 088F06B428BD431D00877584 /* SceneDelegate.swift */; };
		088F06BC28BD431F00877584 /* Assets.xcassets in Resources */ = {isa = PBXBuildFile; fileRef = 088F06BB28BD431F00877584 /* Assets.xcassets */; };
		088F06BF28BD431F00877584 /* LaunchScreen.storyboard in Resources */ = {isa = PBXBuildFile; fileRef = 088F06BD28BD431F00877584 /* LaunchScreen.storyboard */; };
		088F06C728BE330500877584 /* SearchVC.swift in Sources */ = {isa = PBXBuildFile; fileRef = 088F06C628BE330500877584 /* SearchVC.swift */; };
		088F06C928BE332F00877584 /* FavoritesListVC.swift in Sources */ = {isa = PBXBuildFile; fileRef = 088F06C828BE332F00877584 /* FavoritesListVC.swift */; };
		088F06EB28BE45AD00877584 /* TabBarController.swift in Sources */ = {isa = PBXBuildFile; fileRef = 088F06EA28BE45AD00877584 /* TabBarController.swift */; };
		088F06ED28BE49CB00877584 /* UIColor+Extension.swift in Sources */ = {isa = PBXBuildFile; fileRef = 088F06EC28BE49CB00877584 /* UIColor+Extension.swift */; };
		088F06EF28BE567B00877584 /* GFButton.swift in Sources */ = {isa = PBXBuildFile; fileRef = 088F06EE28BE567B00877584 /* GFButton.swift */; };
		088F06F128BE5BA400877584 /* GFTextField.swift in Sources */ = {isa = PBXBuildFile; fileRef = 088F06F028BE5BA400877584 /* GFTextField.swift */; };
		088F06F328BE815B00877584 /* FollowerListVC.swift in Sources */ = {isa = PBXBuildFile; fileRef = 088F06F228BE815B00877584 /* FollowerListVC.swift */; };
		088F06F528BE864000877584 /* GFTitleLabel.swift in Sources */ = {isa = PBXBuildFile; fileRef = 088F06F428BE864000877584 /* GFTitleLabel.swift */; };
		088F06F728BE87FB00877584 /* GFBodyLabel.swift in Sources */ = {isa = PBXBuildFile; fileRef = 088F06F628BE87FB00877584 /* GFBodyLabel.swift */; };
		088F06F928BE88B700877584 /* GFAlertVC.swift in Sources */ = {isa = PBXBuildFile; fileRef = 088F06F828BE88B700877584 /* GFAlertVC.swift */; };
		08A6B9662941F6C40081C7DE /* UIHelper.swift in Sources */ = {isa = PBXBuildFile; fileRef = 08A6B9652941F6C40081C7DE /* UIHelper.swift */; };
		08D1017028BF52B100965C0D /* UIViewController+Extension.swift in Sources */ = {isa = PBXBuildFile; fileRef = 08D1016F28BF52B100965C0D /* UIViewController+Extension.swift */; };
		08E7947E28D04D970026A71B /* NetworkManager.swift in Sources */ = {isa = PBXBuildFile; fileRef = 08E7947D28D04D970026A71B /* NetworkManager.swift */; };
		08E7948128D090DD0026A71B /* ErrorMessage.swift in Sources */ = {isa = PBXBuildFile; fileRef = 08E7948028D090DD0026A71B /* ErrorMessage.swift */; };
		08E7948428D09B5A0026A71B /* FollowerCell.swift in Sources */ = {isa = PBXBuildFile; fileRef = 08E7948328D09B5A0026A71B /* FollowerCell.swift */; };
		08E7948628D09BDB0026A71B /* GFAvatarImageView.swift in Sources */ = {isa = PBXBuildFile; fileRef = 08E7948528D09BDB0026A71B /* GFAvatarImageView.swift */; };
		08E8A47928E737D20031940B /* GFColumnFlowLayout.swift in Sources */ = {isa = PBXBuildFile; fileRef = 08E8A47828E737D20031940B /* GFColumnFlowLayout.swift */; };
/* End PBXBuildFile section */

/* Begin PBXFileReference section */
		0843B56F28CFBC68002E8309 /* Follower.swift */ = {isa = PBXFileReference; lastKnownFileType = sourcecode.swift; path = Follower.swift; sourceTree = "<group>"; };
		0843B57128CFBD92002E8309 /* User.swift */ = {isa = PBXFileReference; lastKnownFileType = sourcecode.swift; path = User.swift; sourceTree = "<group>"; };
		088F06AF28BD431D00877584 /* GitHFollowers.app */ = {isa = PBXFileReference; explicitFileType = wrapper.application; includeInIndex = 0; path = GitHFollowers.app; sourceTree = BUILT_PRODUCTS_DIR; };
		088F06B228BD431D00877584 /* AppDelegate.swift */ = {isa = PBXFileReference; lastKnownFileType = sourcecode.swift; path = AppDelegate.swift; sourceTree = "<group>"; };
		088F06B428BD431D00877584 /* SceneDelegate.swift */ = {isa = PBXFileReference; lastKnownFileType = sourcecode.swift; path = SceneDelegate.swift; sourceTree = "<group>"; };
		088F06BB28BD431F00877584 /* Assets.xcassets */ = {isa = PBXFileReference; lastKnownFileType = folder.assetcatalog; path = Assets.xcassets; sourceTree = "<group>"; };
		088F06BE28BD431F00877584 /* Base */ = {isa = PBXFileReference; lastKnownFileType = file.storyboard; name = Base; path = Base.lproj/LaunchScreen.storyboard; sourceTree = "<group>"; };
		088F06C028BD431F00877584 /* Info.plist */ = {isa = PBXFileReference; lastKnownFileType = text.plist.xml; path = Info.plist; sourceTree = "<group>"; };
		088F06C628BE330500877584 /* SearchVC.swift */ = {isa = PBXFileReference; lastKnownFileType = sourcecode.swift; path = SearchVC.swift; sourceTree = "<group>"; };
		088F06C828BE332F00877584 /* FavoritesListVC.swift */ = {isa = PBXFileReference; lastKnownFileType = sourcecode.swift; path = FavoritesListVC.swift; sourceTree = "<group>"; };
		088F06EA28BE45AD00877584 /* TabBarController.swift */ = {isa = PBXFileReference; lastKnownFileType = sourcecode.swift; path = TabBarController.swift; sourceTree = "<group>"; };
		088F06EC28BE49CB00877584 /* UIColor+Extension.swift */ = {isa = PBXFileReference; lastKnownFileType = sourcecode.swift; path = "UIColor+Extension.swift"; sourceTree = "<group>"; };
		088F06EE28BE567B00877584 /* GFButton.swift */ = {isa = PBXFileReference; lastKnownFileType = sourcecode.swift; path = GFButton.swift; sourceTree = "<group>"; };
		088F06F028BE5BA400877584 /* GFTextField.swift */ = {isa = PBXFileReference; lastKnownFileType = sourcecode.swift; path = GFTextField.swift; sourceTree = "<group>"; };
		088F06F228BE815B00877584 /* FollowerListVC.swift */ = {isa = PBXFileReference; lastKnownFileType = sourcecode.swift; path = FollowerListVC.swift; sourceTree = "<group>"; };
		088F06F428BE864000877584 /* GFTitleLabel.swift */ = {isa = PBXFileReference; lastKnownFileType = sourcecode.swift; path = GFTitleLabel.swift; sourceTree = "<group>"; };
		088F06F628BE87FB00877584 /* GFBodyLabel.swift */ = {isa = PBXFileReference; lastKnownFileType = sourcecode.swift; path = GFBodyLabel.swift; sourceTree = "<group>"; };
		088F06F828BE88B700877584 /* GFAlertVC.swift */ = {isa = PBXFileReference; lastKnownFileType = sourcecode.swift; path = GFAlertVC.swift; sourceTree = "<group>"; };
		08A6B9652941F6C40081C7DE /* UIHelper.swift */ = {isa = PBXFileReference; fileEncoding = 4; lastKnownFileType = sourcecode.swift; path = UIHelper.swift; sourceTree = "<group>"; };
		08D1016F28BF52B100965C0D /* UIViewController+Extension.swift */ = {isa = PBXFileReference; lastKnownFileType = sourcecode.swift; path = "UIViewController+Extension.swift"; sourceTree = "<group>"; };
		08E7947D28D04D970026A71B /* NetworkManager.swift */ = {isa = PBXFileReference; lastKnownFileType = sourcecode.swift; path = NetworkManager.swift; sourceTree = "<group>"; };
		08E7948028D090DD0026A71B /* ErrorMessage.swift */ = {isa = PBXFileReference; lastKnownFileType = sourcecode.swift; path = ErrorMessage.swift; sourceTree = "<group>"; };
		08E7948328D09B5A0026A71B /* FollowerCell.swift */ = {isa = PBXFileReference; lastKnownFileType = sourcecode.swift; path = FollowerCell.swift; sourceTree = "<group>"; };
		08E7948528D09BDB0026A71B /* GFAvatarImageView.swift */ = {isa = PBXFileReference; lastKnownFileType = sourcecode.swift; path = GFAvatarImageView.swift; sourceTree = "<group>"; };
		08E8A47828E737D20031940B /* GFColumnFlowLayout.swift */ = {isa = PBXFileReference; lastKnownFileType = sourcecode.swift; path = GFColumnFlowLayout.swift; sourceTree = "<group>"; };
/* End PBXFileReference section */

/* Begin PBXFrameworksBuildPhase section */
		088F06AC28BD431D00877584 /* Frameworks */ = {
			isa = PBXFrameworksBuildPhase;
			buildActionMask = 2147483647;
			files = (
			);
			runOnlyForDeploymentPostprocessing = 0;
		};
/* End PBXFrameworksBuildPhase section */

/* Begin PBXGroup section */
		0843B56A28CFB5BD002E8309 /* Screens */ = {
			isa = PBXGroup;
			children = (
				088F06C628BE330500877584 /* SearchVC.swift */,
				088F06C828BE332F00877584 /* FavoritesListVC.swift */,
				088F06F228BE815B00877584 /* FollowerListVC.swift */,
			);
			path = Screens;
			sourceTree = "<group>";
		};
		0843B56B28CFB5FE002E8309 /* Custom Views */ = {
			isa = PBXGroup;
			children = (
				08E7948228D09B360026A71B /* Cells */,
				088F06F828BE88B700877584 /* GFAlertVC.swift */,
				088F06EE28BE567B00877584 /* GFButton.swift */,
				088F06F028BE5BA400877584 /* GFTextField.swift */,
				088F06F428BE864000877584 /* GFTitleLabel.swift */,
				088F06F628BE87FB00877584 /* GFBodyLabel.swift */,
				08E7948528D09BDB0026A71B /* GFAvatarImageView.swift */,
				08E8A47828E737D20031940B /* GFColumnFlowLayout.swift */,
			);
			path = "Custom Views";
			sourceTree = "<group>";
		};
		0843B56C28CFB671002E8309 /* Extensions */ = {
			isa = PBXGroup;
			children = (
				088F06EC28BE49CB00877584 /* UIColor+Extension.swift */,
				08D1016F28BF52B100965C0D /* UIViewController+Extension.swift */,
			);
			path = Extensions;
			sourceTree = "<group>";
		};
		0843B56D28CFB6CD002E8309 /* Support */ = {
			isa = PBXGroup;
			children = (
				088F06B228BD431D00877584 /* AppDelegate.swift */,
				088F06B428BD431D00877584 /* SceneDelegate.swift */,
				088F06BB28BD431F00877584 /* Assets.xcassets */,
				088F06BD28BD431F00877584 /* LaunchScreen.storyboard */,
				088F06EA28BE45AD00877584 /* TabBarController.swift */,
			);
			path = Support;
			sourceTree = "<group>";
		};
		0843B56E28CFBC5D002E8309 /* Model */ = {
			isa = PBXGroup;
			children = (
				0843B56F28CFBC68002E8309 /* Follower.swift */,
				0843B57128CFBD92002E8309 /* User.swift */,
			);
			path = Model;
			sourceTree = "<group>";
		};
		088F06A628BD431D00877584 = {
			isa = PBXGroup;
			children = (
				088F06B128BD431D00877584 /* GitHFollowers */,
				088F06B028BD431D00877584 /* Products */,
			);
			sourceTree = "<group>";
		};
		088F06B028BD431D00877584 /* Products */ = {
			isa = PBXGroup;
			children = (
				088F06AF28BD431D00877584 /* GitHFollowers.app */,
			);
			name = Products;
			sourceTree = "<group>";
		};
		088F06B128BD431D00877584 /* GitHFollowers */ = {
			isa = PBXGroup;
			children = (
				08E7947F28D090C80026A71B /* Utilities */,
				088F06C028BD431F00877584 /* Info.plist */,
				08E7947C28D04D750026A71B /* Managers */,
				0843B56E28CFBC5D002E8309 /* Model */,
				0843B56D28CFB6CD002E8309 /* Support */,
				0843B56C28CFB671002E8309 /* Extensions */,
				0843B56B28CFB5FE002E8309 /* Custom Views */,
				0843B56A28CFB5BD002E8309 /* Screens */,
			);
			path = GitHFollowers;
			sourceTree = "<group>";
		};
		08E7947C28D04D750026A71B /* Managers */ = {
			isa = PBXGroup;
			children = (
				08E7947D28D04D970026A71B /* NetworkManager.swift */,
			);
			path = Managers;
			sourceTree = "<group>";
		};
		08E7947F28D090C80026A71B /* Utilities */ = {
			isa = PBXGroup;
			children = (
				08A6B9652941F6C40081C7DE /* UIHelper.swift */,
				08E7948028D090DD0026A71B /* ErrorMessage.swift */,
			);
			path = Utilities;
			sourceTree = "<group>";
		};
		08E7948228D09B360026A71B /* Cells */ = {
			isa = PBXGroup;
			children = (
				08E7948328D09B5A0026A71B /* FollowerCell.swift */,
			);
			path = Cells;
			sourceTree = "<group>";
		};
/* End PBXGroup section */

/* Begin PBXNativeTarget section */
		088F06AE28BD431D00877584 /* GitHFollowers */ = {
			isa = PBXNativeTarget;
			buildConfigurationList = 088F06C328BD431F00877584 /* Build configuration list for PBXNativeTarget "GitHFollowers" */;
			buildPhases = (
				088F06AB28BD431D00877584 /* Sources */,
				088F06AC28BD431D00877584 /* Frameworks */,
				088F06AD28BD431D00877584 /* Resources */,
			);
			buildRules = (
			);
			dependencies = (
			);
			name = GitHFollowers;
			productName = GitHFollowers;
			productReference = 088F06AF28BD431D00877584 /* GitHFollowers.app */;
			productType = "com.apple.product-type.application";
		};
/* End PBXNativeTarget section */

/* Begin PBXProject section */
		088F06A728BD431D00877584 /* Project object */ = {
			isa = PBXProject;
			attributes = {
				BuildIndependentTargetsInParallel = 1;
				LastSwiftUpdateCheck = 1340;
				LastUpgradeCheck = 1340;
				TargetAttributes = {
					088F06AE28BD431D00877584 = {
						CreatedOnToolsVersion = 13.4.1;
					};
				};
			};
			buildConfigurationList = 088F06AA28BD431D00877584 /* Build configuration list for PBXProject "GitHFollowers" */;
			compatibilityVersion = "Xcode 13.0";
			developmentRegion = en;
			hasScannedForEncodings = 0;
			knownRegions = (
				en,
				Base,
			);
			mainGroup = 088F06A628BD431D00877584;
			productRefGroup = 088F06B028BD431D00877584 /* Products */;
			projectDirPath = "";
			projectRoot = "";
			targets = (
				088F06AE28BD431D00877584 /* GitHFollowers */,
			);
		};
/* End PBXProject section */

/* Begin PBXResourcesBuildPhase section */
		088F06AD28BD431D00877584 /* Resources */ = {
			isa = PBXResourcesBuildPhase;
			buildActionMask = 2147483647;
			files = (
				088F06BF28BD431F00877584 /* LaunchScreen.storyboard in Resources */,
				088F06BC28BD431F00877584 /* Assets.xcassets in Resources */,
			);
			runOnlyForDeploymentPostprocessing = 0;
		};
/* End PBXResourcesBuildPhase section */

/* Begin PBXSourcesBuildPhase section */
		088F06AB28BD431D00877584 /* Sources */ = {
			isa = PBXSourcesBuildPhase;
			buildActionMask = 2147483647;
			files = (
				088F06F328BE815B00877584 /* FollowerListVC.swift in Sources */,
				08E7948128D090DD0026A71B /* ErrorMessage.swift in Sources */,
				08E7948628D09BDB0026A71B /* GFAvatarImageView.swift in Sources */,
				08D1017028BF52B100965C0D /* UIViewController+Extension.swift in Sources */,
				088F06C928BE332F00877584 /* FavoritesListVC.swift in Sources */,
				0843B57028CFBC68002E8309 /* Follower.swift in Sources */,
				08E7947E28D04D970026A71B /* NetworkManager.swift in Sources */,
				088F06C728BE330500877584 /* SearchVC.swift in Sources */,
				08E8A47928E737D20031940B /* GFColumnFlowLayout.swift in Sources */,
				088F06F128BE5BA400877584 /* GFTextField.swift in Sources */,
				088F06F928BE88B700877584 /* GFAlertVC.swift in Sources */,
				088F06B328BD431D00877584 /* AppDelegate.swift in Sources */,
				0843B57228CFBD92002E8309 /* User.swift in Sources */,
				08E7948428D09B5A0026A71B /* FollowerCell.swift in Sources */,
				088F06EF28BE567B00877584 /* GFButton.swift in Sources */,
				088F06F728BE87FB00877584 /* GFBodyLabel.swift in Sources */,
				088F06ED28BE49CB00877584 /* UIColor+Extension.swift in Sources */,
				088F06EB28BE45AD00877584 /* TabBarController.swift in Sources */,
				088F06F528BE864000877584 /* GFTitleLabel.swift in Sources */,
				088F06B528BD431D00877584 /* SceneDelegate.swift in Sources */,
				08A6B9662941F6C40081C7DE /* UIHelper.swift in Sources */,
			);
			runOnlyForDeploymentPostprocessing = 0;
		};
/* End PBXSourcesBuildPhase section */

/* Begin PBXVariantGroup section */
		088F06BD28BD431F00877584 /* LaunchScreen.storyboard */ = {
			isa = PBXVariantGroup;
			children = (
				088F06BE28BD431F00877584 /* Base */,
			);
			name = LaunchScreen.storyboard;
			sourceTree = "<group>";
		};
/* End PBXVariantGroup section */

/* Begin XCBuildConfiguration section */
		088F06C128BD431F00877584 /* Debug */ = {
			isa = XCBuildConfiguration;
			buildSettings = {
				ALWAYS_SEARCH_USER_PATHS = NO;
				CLANG_ANALYZER_NONNULL = YES;
				CLANG_ANALYZER_NUMBER_OBJECT_CONVERSION = YES_AGGRESSIVE;
				CLANG_CXX_LANGUAGE_STANDARD = "gnu++17";
				CLANG_ENABLE_MODULES = YES;
				CLANG_ENABLE_OBJC_ARC = YES;
				CLANG_ENABLE_OBJC_WEAK = YES;
				CLANG_WARN_BLOCK_CAPTURE_AUTORELEASING = YES;
				CLANG_WARN_BOOL_CONVERSION = YES;
				CLANG_WARN_COMMA = YES;
				CLANG_WARN_CONSTANT_CONVERSION = YES;
				CLANG_WARN_DEPRECATED_OBJC_IMPLEMENTATIONS = YES;
				CLANG_WARN_DIRECT_OBJC_ISA_USAGE = YES_ERROR;
				CLANG_WARN_DOCUMENTATION_COMMENTS = YES;
				CLANG_WARN_EMPTY_BODY = YES;
				CLANG_WARN_ENUM_CONVERSION = YES;
				CLANG_WARN_INFINITE_RECURSION = YES;
				CLANG_WARN_INT_CONVERSION = YES;
				CLANG_WARN_NON_LITERAL_NULL_CONVERSION = YES;
				CLANG_WARN_OBJC_IMPLICIT_RETAIN_SELF = YES;
				CLANG_WARN_OBJC_LITERAL_CONVERSION = YES;
				CLANG_WARN_OBJC_ROOT_CLASS = YES_ERROR;
				CLANG_WARN_QUOTED_INCLUDE_IN_FRAMEWORK_HEADER = YES;
				CLANG_WARN_RANGE_LOOP_ANALYSIS = YES;
				CLANG_WARN_STRICT_PROTOTYPES = YES;
				CLANG_WARN_SUSPICIOUS_MOVE = YES;
				CLANG_WARN_UNGUARDED_AVAILABILITY = YES_AGGRESSIVE;
				CLANG_WARN_UNREACHABLE_CODE = YES;
				CLANG_WARN__DUPLICATE_METHOD_MATCH = YES;
				COPY_PHASE_STRIP = NO;
				DEBUG_INFORMATION_FORMAT = dwarf;
				ENABLE_STRICT_OBJC_MSGSEND = YES;
				ENABLE_TESTABILITY = YES;
				GCC_C_LANGUAGE_STANDARD = gnu11;
				GCC_DYNAMIC_NO_PIC = NO;
				GCC_NO_COMMON_BLOCKS = YES;
				GCC_OPTIMIZATION_LEVEL = 0;
				GCC_PREPROCESSOR_DEFINITIONS = (
					"DEBUG=1",
					"$(inherited)",
				);
				GCC_WARN_64_TO_32_BIT_CONVERSION = YES;
				GCC_WARN_ABOUT_RETURN_TYPE = YES_ERROR;
				GCC_WARN_UNDECLARED_SELECTOR = YES;
				GCC_WARN_UNINITIALIZED_AUTOS = YES_AGGRESSIVE;
				GCC_WARN_UNUSED_FUNCTION = YES;
				GCC_WARN_UNUSED_VARIABLE = YES;
				IPHONEOS_DEPLOYMENT_TARGET = 14.0;
				MTL_ENABLE_DEBUG_INFO = INCLUDE_SOURCE;
				MTL_FAST_MATH = YES;
				ONLY_ACTIVE_ARCH = YES;
				SDKROOT = iphoneos;
				SWIFT_ACTIVE_COMPILATION_CONDITIONS = DEBUG;
				SWIFT_OPTIMIZATION_LEVEL = "-Onone";
			};
			name = Debug;
		};
		088F06C228BD431F00877584 /* Release */ = {
			isa = XCBuildConfiguration;
			buildSettings = {
				ALWAYS_SEARCH_USER_PATHS = NO;
				CLANG_ANALYZER_NONNULL = YES;
				CLANG_ANALYZER_NUMBER_OBJECT_CONVERSION = YES_AGGRESSIVE;
				CLANG_CXX_LANGUAGE_STANDARD = "gnu++17";
				CLANG_ENABLE_MODULES = YES;
				CLANG_ENABLE_OBJC_ARC = YES;
				CLANG_ENABLE_OBJC_WEAK = YES;
				CLANG_WARN_BLOCK_CAPTURE_AUTORELEASING = YES;
				CLANG_WARN_BOOL_CONVERSION = YES;
				CLANG_WARN_COMMA = YES;
				CLANG_WARN_CONSTANT_CONVERSION = YES;
				CLANG_WARN_DEPRECATED_OBJC_IMPLEMENTATIONS = YES;
				CLANG_WARN_DIRECT_OBJC_ISA_USAGE = YES_ERROR;
				CLANG_WARN_DOCUMENTATION_COMMENTS = YES;
				CLANG_WARN_EMPTY_BODY = YES;
				CLANG_WARN_ENUM_CONVERSION = YES;
				CLANG_WARN_INFINITE_RECURSION = YES;
				CLANG_WARN_INT_CONVERSION = YES;
				CLANG_WARN_NON_LITERAL_NULL_CONVERSION = YES;
				CLANG_WARN_OBJC_IMPLICIT_RETAIN_SELF = YES;
				CLANG_WARN_OBJC_LITERAL_CONVERSION = YES;
				CLANG_WARN_OBJC_ROOT_CLASS = YES_ERROR;
				CLANG_WARN_QUOTED_INCLUDE_IN_FRAMEWORK_HEADER = YES;
				CLANG_WARN_RANGE_LOOP_ANALYSIS = YES;
				CLANG_WARN_STRICT_PROTOTYPES = YES;
				CLANG_WARN_SUSPICIOUS_MOVE = YES;
				CLANG_WARN_UNGUARDED_AVAILABILITY = YES_AGGRESSIVE;
				CLANG_WARN_UNREACHABLE_CODE = YES;
				CLANG_WARN__DUPLICATE_METHOD_MATCH = YES;
				COPY_PHASE_STRIP = NO;
				DEBUG_INFORMATION_FORMAT = "dwarf-with-dsym";
				ENABLE_NS_ASSERTIONS = NO;
				ENABLE_STRICT_OBJC_MSGSEND = YES;
				GCC_C_LANGUAGE_STANDARD = gnu11;
				GCC_NO_COMMON_BLOCKS = YES;
				GCC_WARN_64_TO_32_BIT_CONVERSION = YES;
				GCC_WARN_ABOUT_RETURN_TYPE = YES_ERROR;
				GCC_WARN_UNDECLARED_SELECTOR = YES;
				GCC_WARN_UNINITIALIZED_AUTOS = YES_AGGRESSIVE;
				GCC_WARN_UNUSED_FUNCTION = YES;
				GCC_WARN_UNUSED_VARIABLE = YES;
				IPHONEOS_DEPLOYMENT_TARGET = 14.0;
				MTL_ENABLE_DEBUG_INFO = NO;
				MTL_FAST_MATH = YES;
				SDKROOT = iphoneos;
				SWIFT_COMPILATION_MODE = wholemodule;
				SWIFT_OPTIMIZATION_LEVEL = "-O";
				VALIDATE_PRODUCT = YES;
			};
			name = Release;
		};
		088F06C428BD431F00877584 /* Debug */ = {
			isa = XCBuildConfiguration;
			buildSettings = {
				ASSETCATALOG_COMPILER_APPICON_NAME = AppIcon;
				ASSETCATALOG_COMPILER_GLOBAL_ACCENT_COLOR_NAME = AccentColor;
				CODE_SIGN_STYLE = Automatic;
				CURRENT_PROJECT_VERSION = 1;
				DEVELOPMENT_TEAM = QQ5FDJWTRX;
				GENERATE_INFOPLIST_FILE = YES;
				INFOPLIST_FILE = GitHFollowers/Info.plist;
				INFOPLIST_KEY_UIApplicationSupportsIndirectInputEvents = YES;
				INFOPLIST_KEY_UILaunchStoryboardName = LaunchScreen;
				INFOPLIST_KEY_UISupportedInterfaceOrientations = UIInterfaceOrientationPortrait;
				INFOPLIST_KEY_UISupportedInterfaceOrientations_iPad = "UIInterfaceOrientationPortrait UIInterfaceOrientationPortraitUpsideDown UIInterfaceOrientationLandscapeLeft UIInterfaceOrientationLandscapeRight";
				INFOPLIST_KEY_UISupportedInterfaceOrientations_iPhone = "UIInterfaceOrientationPortrait UIInterfaceOrientationLandscapeLeft UIInterfaceOrientationLandscapeRight";
				LD_RUNPATH_SEARCH_PATHS = (
					"$(inherited)",
					"@executable_path/Frameworks",
				);
				MARKETING_VERSION = 1.0;
				PRODUCT_BUNDLE_IDENTIFIER = ru.windwail.GitHFollowers;
				PRODUCT_NAME = "$(TARGET_NAME)";
				SWIFT_EMIT_LOC_STRINGS = YES;
				SWIFT_VERSION = 5.0;
				TARGETED_DEVICE_FAMILY = 1;
			};
			name = Debug;
		};
		088F06C528BD431F00877584 /* Release */ = {
			isa = XCBuildConfiguration;
			buildSettings = {
				ASSETCATALOG_COMPILER_APPICON_NAME = AppIcon;
				ASSETCATALOG_COMPILER_GLOBAL_ACCENT_COLOR_NAME = AccentColor;
				CODE_SIGN_STYLE = Automatic;
				CURRENT_PROJECT_VERSION = 1;
				DEVELOPMENT_TEAM = QQ5FDJWTRX;
				GENERATE_INFOPLIST_FILE = YES;
				INFOPLIST_FILE = GitHFollowers/Info.plist;
				INFOPLIST_KEY_UIApplicationSupportsIndirectInputEvents = YES;
				INFOPLIST_KEY_UILaunchStoryboardName = LaunchScreen;
				INFOPLIST_KEY_UISupportedInterfaceOrientations = UIInterfaceOrientationPortrait;
				INFOPLIST_KEY_UISupportedInterfaceOrientations_iPad = "UIInterfaceOrientationPortrait UIInterfaceOrientationPortraitUpsideDown UIInterfaceOrientationLandscapeLeft UIInterfaceOrientationLandscapeRight";
				INFOPLIST_KEY_UISupportedInterfaceOrientations_iPhone = "UIInterfaceOrientationPortrait UIInterfaceOrientationLandscapeLeft UIInterfaceOrientationLandscapeRight";
				LD_RUNPATH_SEARCH_PATHS = (
					"$(inherited)",
					"@executable_path/Frameworks",
				);
				MARKETING_VERSION = 1.0;
				PRODUCT_BUNDLE_IDENTIFIER = ru.windwail.GitHFollowers;
				PRODUCT_NAME = "$(TARGET_NAME)";
				SWIFT_EMIT_LOC_STRINGS = YES;
				SWIFT_VERSION = 5.0;
				TARGETED_DEVICE_FAMILY = 1;
			};
			name = Release;
		};
/* End XCBuildConfiguration section */

/* Begin XCConfigurationList section */
		088F06AA28BD431D00877584 /* Build configuration list for PBXProject "GitHFollowers" */ = {
			isa = XCConfigurationList;
			buildConfigurations = (
				088F06C128BD431F00877584 /* Debug */,
				088F06C228BD431F00877584 /* Release */,
			);
			defaultConfigurationIsVisible = 0;
			defaultConfigurationName = Release;
		};
		088F06C328BD431F00877584 /* Build configuration list for PBXNativeTarget "GitHFollowers" */ = {
			isa = XCConfigurationList;
			buildConfigurations = (
				088F06C428BD431F00877584 /* Debug */,
				088F06C528BD431F00877584 /* Release */,
			);
			defaultConfigurationIsVisible = 0;
			defaultConfigurationName = Release;
		};
/* End XCConfigurationList section */
	};
	rootObject = 088F06A728BD431D00877584 /* Project object */;
}
